{"filter":false,"title":"package-lock.json","tooltip":"/first-container/app/package-lock.json","undoManager":{"mark":-1,"position":-1,"stack":[]},"ace":{"folds":[],"scrolltop":0,"scrollleft":0,"selection":{"start":{"row":0,"column":0},"end":{"row":0,"column":0},"isBackwards":false},"options":{"guessTabSize":true,"useWrapMode":false,"wrapToView":true},"firstLineState":0},"timestamp":1680531836249,"hash":"b6d153ddd48af3409ba2be1942ed5e30f8627798"}